
Microsoft Visual Studio Solution File, Format Version 12.00
# Visual Studio Version 17
VisualStudioVersion = 17.0.32126.317
MinimumVisualStudioVersion = 10.0.40219.1
Project("{9A19103F-16F7-4668-BE54-9A1E7A4F7556}") = "WebSite", "WebSite\WebSite.csproj", "{55E3C3AC-83B6-4088-8D83-F4557EB83558}"
EndProject
Project("{9A19103F-16F7-4668-BE54-9A1E7A4F7556}") = "Database", "Database\Database.csproj", "{1AD00F0B-6DA1-457A-AC8D-2677B6ED14FC}"
EndProject
Project("{9A19103F-16F7-4668-BE54-9A1E7A4F7556}") = "Identity", "Identity\Identity.csproj", "{9A5FB10C-B315-4BA3-88ED-58AB70334FA3}"
EndProject
Global
	GlobalSection(SolutionConfigurationPlatforms) = preSolution
		Debug|Any CPU = Debug|Any CPU
		Release|Any CPU = Release|Any CPU
	EndGlobalSection
	GlobalSection(ProjectConfigurationPlatforms) = postSolution
		{55E3C3AC-83B6-4088-8D83-F4557EB83558}.Debug|Any CPU.ActiveCfg = Debug|Any CPU
		{55E3C3AC-83B6-4088-8D83-F4557EB83558}.Debug|Any CPU.Build.0 = Debug|Any CPU
		{55E3C3AC-83B6-4088-8D83-F4557EB83558}.Release|Any CPU.ActiveCfg = Release|Any CPU
		{55E3C3AC-83B6-4088-8D83-F4557EB83558}.Release|Any CPU.Build.0 = Release|Any CPU
		{1AD00F0B-6DA1-457A-AC8D-2677B6ED14FC}.Debug|Any CPU.ActiveCfg = Debug|Any CPU
		{1AD00F0B-6DA1-457A-AC8D-2677B6ED14FC}.Debug|Any CPU.Build.0 = Debug|Any CPU
		{1AD00F0B-6DA1-457A-AC8D-2677B6ED14FC}.Release|Any CPU.ActiveCfg = Release|Any CPU
		{1AD00F0B-6DA1-457A-AC8D-2677B6ED14FC}.Release|Any CPU.Build.0 = Release|Any CPU
		{9A5FB10C-B315-4BA3-88ED-58AB70334FA3}.Debug|Any CPU.ActiveCfg = Debug|Any CPU
		{9A5FB10C-B315-4BA3-88ED-58AB70334FA3}.Debug|Any CPU.Build.0 = Debug|Any CPU
		{9A5FB10C-B315-4BA3-88ED-58AB70334FA3}.Release|Any CPU.ActiveCfg = Release|Any CPU
		{9A5FB10C-B315-4BA3-88ED-58AB70334FA3}.Release|Any CPU.Build.0 = Release|Any CPU
	EndGlobalSection
	GlobalSection(SolutionProperties) = preSolution
		HideSolutionNode = FALSE
	EndGlobalSection
	GlobalSection(ExtensibilityGlobals) = postSolution
		SolutionGuid = {F5794365-C39E-47B4-A806-024B460FCAE5}
	EndGlobalSection
EndGlobal
